# @generated - this file is auto-generated by `mise lock` https://mise.jdx.dev/dev-tools/mise-lock.html

lockfile_version = 1

[[tools.actionlint]]
version = "1.7.12"
backend = "aqua:rhysd/actionlint"
specifiers = ["1.7.12"]

[tools.actionlint."platforms.linux-arm64"]
checksum = "sha256:325e971b6ba9bfa504672e29be93c24981eeb1c07576d730e9f7c8805afff0c6"
url = "https://github.com/rhysd/actionlint/releases/download/v1.7.12/actionlint_1.7.12_linux_arm64.tar.gz"
url_api = "https://api.github.com/repos/rhysd/actionlint/releases/assets/384924897"
provenance = "github-attestations"

[tools.actionlint."platforms.linux-x64"]
checksum = "sha256:8aca8db96f1b94770f1b0d72b6dddcb1ebb8123cb3712530b08cc387b349a3d8"
url = "https://github.com/rhysd/actionlint/releases/download/v1.7.12/actionlint_1.7.12_linux_amd64.tar.gz"
url_api = "https://api.github.com/repos/rhysd/actionlint/releases/assets/384924896"
provenance = "github-attestations"

[tools.actionlint."platforms.macos-arm64"]
checksum = "sha256:aba9ced2dee8d27fecca3dc7feb1a7f9a52caefa1eb46f3271ea66b6e0e6953f"
url = "https://github.com/rhysd/actionlint/releases/download/v1.7.12/actionlint_1.7.12_darwin_arm64.tar.gz"
url_api = "https://api.github.com/repos/rhysd/actionlint/releases/assets/384924893"
provenance = "github-attestations"

[tools.actionlint."platforms.macos-x64"]
checksum = "sha256:5b44c3bc2255115c9b69e30efc0fecdf498fdb63c5d58e17084fd5f16324c644"
url = "https://github.com/rhysd/actionlint/releases/download/v1.7.12/actionlint_1.7.12_darwin_amd64.tar.gz"
url_api = "https://api.github.com/repos/rhysd/actionlint/releases/assets/384924880"
provenance = "github-attestations"

[[tools.cosign]]
version = "3.1.3"
backend = "aqua:sigstore/cosign"
specifiers = ["3.1.3"]

[tools.cosign."platforms.linux-arm64"]
checksum = "sha256:c5d324e091826b0d7a78eb16fef316450b4eb9aaec045611c08ba06f5e73220a"
url = "https://github.com/sigstore/cosign/releases/download/v3.1.3/cosign-linux-arm64"
url_api = "https://api.github.com/repos/sigstore/cosign/releases/assets/503286299"
provenance = "cosign"

[tools.cosign."platforms.linux-x64"]
checksum = "sha256:4629c757b7618056f8ddd7e2625ae9fdd94c0372a65049520bc7d9df9efc7f71"
url = "https://github.com/sigstore/cosign/releases/download/v3.1.3/cosign-linux-amd64"
url_api = "https://api.github.com/repos/sigstore/cosign/releases/assets/503286005"
provenance = "cosign"

[tools.cosign."platforms.macos-arm64"]
checksum = "sha256:5cf948c2f4dfe59687bdd0b8523709067383e03982cc543475c8a7dc70e92a76"
url = "https://github.com/sigstore/cosign/releases/download/v3.1.3/cosign-darwin-arm64"
url_api = "https://api.github.com/repos/sigstore/cosign/releases/assets/503286205"
provenance = "cosign"

[tools.cosign."platforms.macos-x64"]
checksum = "sha256:2347488e5d5b25336644024dfeca5601b190e91197a71a917bda44744aff106c"
url = "https://github.com/sigstore/cosign/releases/download/v3.1.3/cosign-darwin-amd64"
url_api = "https://api.github.com/repos/sigstore/cosign/releases/assets/503286177"
provenance = "cosign"

[[tools.gitleaks]]
version = "8.30.1"
backend = "aqua:gitleaks/gitleaks"
specifiers = ["8.30.1"]

[tools.gitleaks."platforms.linux-arm64"]
checksum = "sha256:e4a487ee7ccd7d3a7f7ec08657610aa3606637dab924210b3aee62570fb4b080"
url = "https://github.com/gitleaks/gitleaks/releases/download/v8.30.1/gitleaks_8.30.1_linux_arm64.tar.gz"
url_api = "https://api.github.com/repos/gitleaks/gitleaks/releases/assets/378332057"

[tools.gitleaks."platforms.linux-x64"]
checksum = "sha256:551f6fc83ea457d62a0d98237cbad105af8d557003051f41f3e7ca7b3f2470eb"
url = "https://github.com/gitleaks/gitleaks/releases/download/v8.30.1/gitleaks_8.30.1_linux_x64.tar.gz"
url_api = "https://api.github.com/repos/gitleaks/gitleaks/releases/assets/378332058"

[tools.gitleaks."platforms.macos-arm64"]
checksum = "sha256:b40ab0ae55c505963e365f271a8d3846efbc170aa17f2607f13df610a9aeb6a5"
url = "https://github.com/gitleaks/gitleaks/releases/download/v8.30.1/gitleaks_8.30.1_darwin_arm64.tar.gz"
url_api = "https://api.github.com/repos/gitleaks/gitleaks/releases/assets/378332059"

[tools.gitleaks."platforms.macos-x64"]
checksum = "sha256:dfe101a4db2255fc85120ac7f3d25e4342c3c20cf749f2c20a18081af1952709"
url = "https://github.com/gitleaks/gitleaks/releases/download/v8.30.1/gitleaks_8.30.1_darwin_x64.tar.gz"
url_api = "https://api.github.com/repos/gitleaks/gitleaks/releases/assets/378332053"

[[tools."go:github.com/caarlos0/jsonfmt"]]
version = "0.5.2"
backend = "go:github.com/caarlos0/jsonfmt"
specifiers = ["0.5.2"]

[[tools."go:github.com/go42-dev/go42x"]]
version = "0.30.0"
backend = "go:github.com/go42-dev/go42x"
specifiers = ["0.30.0"]

[[tools."go:github.com/google/yamlfmt/cmd/yamlfmt"]]
version = "0.21.0"
backend = "go:github.com/google/yamlfmt/cmd/yamlfmt"
specifiers = ["0.21.0"]

[[tools."go:github.com/securego/gosec/v2/cmd/gosec"]]
version = "2.29.1-0.20260904090110-598d6146b91b"
backend = "go:github.com/securego/gosec/v2/cmd/gosec"
specifiers = ["v2.29.1-0.20260904090110-598d6146b91b"]

[[tools."go:go.uber.org/mock/mockgen"]]
version = "0.6.0"
backend = "go:go.uber.org/mock/mockgen"
specifiers = ["0.6.0"]

[[tools."go:golang.org/x/vuln/cmd/govulncheck"]]
version = "1.7.0"
backend = "go:golang.org/x/vuln/cmd/govulncheck"
specifiers = ["1.7.0"]

[[tools.golangci-lint]]
version = "2.13.2"
backend = "aqua:golangci/golangci-lint"
specifiers = ["2.13.2"]

[tools.golangci-lint."platforms.linux-arm64"]
checksum = "sha256:a2a4e0065aa41be71f7c5ac90f271b61751331e5d04314e62afe4027855f0893"
url = "https://github.com/golangci/golangci-lint/releases/download/v2.13.2/golangci-lint-2.13.2-linux-arm64.tar.gz"
url_api = "https://api.github.com/repos/golangci/golangci-lint/releases/assets/532995442"
provenance = "github-attestations"

[tools.golangci-lint."platforms.linux-x64"]
checksum = "sha256:2277d43b98ec0054280f2ac26b53268bae97682444678a59a657dd565da021d6"
url = "https://github.com/golangci/golangci-lint/releases/download/v2.13.2/golangci-lint-2.13.2-linux-amd64.tar.gz"
url_api = "https://api.github.com/repos/golangci/golangci-lint/releases/assets/532995333"
provenance = "github-attestations"

[tools.golangci-lint."platforms.macos-arm64"]
checksum = "sha256:f4bf83f0b64f055c42b28fc9a38861839f69c096e61c788e72dfaae412011789"
url = "https://github.com/golangci/golangci-lint/releases/download/v2.13.2/golangci-lint-2.13.2-darwin-arm64.tar.gz"
url_api = "https://api.github.com/repos/golangci/golangci-lint/releases/assets/532995398"
provenance = "github-attestations"

[tools.golangci-lint."platforms.macos-x64"]
checksum = "sha256:8a13aaf9cbbb1dee52824e862cf0d0720e5bb97c1f4260d1e51623a09492b57b"
url = "https://github.com/golangci/golangci-lint/releases/download/v2.13.2/golangci-lint-2.13.2-darwin-amd64.tar.gz"
url_api = "https://api.github.com/repos/golangci/golangci-lint/releases/assets/532995222"
provenance = "github-attestations"

[[tools.goreleaser]]
version = "2.18.1"
backend = "aqua:goreleaser/goreleaser"
specifiers = ["2.18.1"]

[tools.goreleaser."platforms.linux-arm64"]
checksum = "sha256:93dba7614308e167158bd26978e8275971fd4b9147e7f3c687a64f5939d42d27"
url = "https://github.com/goreleaser/goreleaser/releases/download/v2.18.1/goreleaser_Linux_arm64.tar.gz"
url_api = "https://api.github.com/repos/goreleaser/goreleaser/releases/assets/546377096"
provenance = "github-attestations"

[tools.goreleaser."platforms.linux-x64"]
checksum = "sha256:0c6122af0ad8fd65638889bf7d3757148b2f80eeff9f079682f0655df66ec8e8"
url = "https://github.com/goreleaser/goreleaser/releases/download/v2.18.1/goreleaser_Linux_x86_64.tar.gz"
url_api = "https://api.github.com/repos/goreleaser/goreleaser/releases/assets/546377081"
provenance = "github-attestations"

[tools.goreleaser."platforms.macos-arm64"]
checksum = "sha256:d0af1f86c439a59ab06c54c505f66fea1a166093dc91a7c0c8aebe3da1cc13b7"
url = "https://github.com/goreleaser/goreleaser/releases/download/v2.18.1/goreleaser_Darwin_all.tar.gz"
url_api = "https://api.github.com/repos/goreleaser/goreleaser/releases/assets/546377101"
provenance = "github-attestations"

[tools.goreleaser."platforms.macos-x64"]
checksum = "sha256:d0af1f86c439a59ab06c54c505f66fea1a166093dc91a7c0c8aebe3da1cc13b7"
url = "https://github.com/goreleaser/goreleaser/releases/download/v2.18.1/goreleaser_Darwin_all.tar.gz"
url_api = "https://api.github.com/repos/goreleaser/goreleaser/releases/assets/546377101"
provenance = "github-attestations"

[[tools.syft]]
version = "1.51.1"
backend = "aqua:anchore/syft"
specifiers = ["1.51.1"]

[tools.syft."platforms.linux-arm64"]
checksum = "sha256:a7fd2b784e6664acd44719270574f6cd8c6864fc2b1700bf9099bd1cccda7d7f"
url = "https://github.com/anchore/syft/releases/download/v1.51.1/syft_1.51.1_linux_arm64.tar.gz"
url_api = "https://api.github.com/repos/anchore/syft/releases/assets/532610134"

[tools.syft."platforms.linux-x64"]
checksum = "sha256:8fcb33017a0dc1058298c923c436d19dfa68ae93968e0b423248542e3afb9fc3"
url = "https://github.com/anchore/syft/releases/download/v1.51.1/syft_1.51.1_linux_amd64.tar.gz"
url_api = "https://api.github.com/repos/anchore/syft/releases/assets/532610151"

[tools.syft."platforms.macos-arm64"]
checksum = "sha256:ac063af3b9874769deb7ea1e6d76841e68f9e3bb50cd654226fc977de65532c1"
url = "https://github.com/anchore/syft/releases/download/v1.51.1/syft_1.51.1_darwin_arm64.tar.gz"
url_api = "https://api.github.com/repos/anchore/syft/releases/assets/532610139"

[tools.syft."platforms.macos-x64"]
checksum = "sha256:0e186ce1d4351ec276126851ca3ff258ed070e93e73574ed64858d4fc2339867"
url = "https://github.com/anchore/syft/releases/download/v1.51.1/syft_1.51.1_darwin_amd64.tar.gz"
url_api = "https://api.github.com/repos/anchore/syft/releases/assets/532610142"

[[tools.task]]
version = "3.53.1"
backend = "aqua:go-task/task"
specifiers = ["3.53.1"]

[tools.task."platforms.linux-arm64"]
checksum = "sha256:e3ad19101493a0112e1f22ae8ccc54bf03e533b1076a0ca1e6c782a09ad2e588"
url = "https://github.com/go-task/task/releases/download/v3.53.1/task_linux_arm64.tar.gz"
url_api = "https://api.github.com/repos/go-task/task/releases/assets/519645523"

[tools.task."platforms.linux-x64"]
checksum = "sha256:a54a408f6861ff921f6e87774180db31bacd8c1e7c944ca696db9fea49a82fc7"
url = "https://github.com/go-task/task/releases/download/v3.53.1/task_linux_amd64.tar.gz"
url_api = "https://api.github.com/repos/go-task/task/releases/assets/519645449"

[tools.task."platforms.macos-arm64"]
checksum = "sha256:85d2d96c2380b33d7855b07b3f7a20dc7ca0eda999a26efa0fb5f6f32b366cd7"
url = "https://github.com/go-task/task/releases/download/v3.53.1/task_darwin_arm64.tar.gz"
url_api = "https://api.github.com/repos/go-task/task/releases/assets/519645491"

[tools.task."platforms.macos-x64"]
checksum = "sha256:7f1a702d54a789cb818a636039a83df071f4179893133afafa4eba351a7e19ef"
url = "https://github.com/go-task/task/releases/download/v3.53.1/task_darwin_amd64.tar.gz"
url_api = "https://api.github.com/repos/go-task/task/releases/assets/519645492"

[[tools.tombi]]
version = "1.5.4"
backend = "aqua:tombi-toml/tombi"
specifiers = ["1.5.4"]

[tools.tombi."platforms.linux-arm64"]
checksum = "sha256:c715b9430b18c37e4f719cb5282e1d3352629dc027a8098d3bd116571f9cf034"
url = "https://github.com/tombi-toml/tombi/releases/download/v1.5.4/tombi-cli-1.5.4-aarch64-unknown-linux-musl.tar.gz"
url_api = "https://api.github.com/repos/tombi-toml/tombi/releases/assets/552962827"
provenance = "github-attestations"

[tools.tombi."platforms.linux-x64"]
checksum = "sha256:072a1d61e61d9137bcea2754568181370f8f3dcde85bef457c2c07529699ee6e"
url = "https://github.com/tombi-toml/tombi/releases/download/v1.5.4/tombi-cli-1.5.4-x86_64-unknown-linux-musl.tar.gz"
url_api = "https://api.github.com/repos/tombi-toml/tombi/releases/assets/552962856"
provenance = "github-attestations"

[tools.tombi."platforms.macos-arm64"]
checksum = "sha256:753a8ad56b658965a6f248438373c96465f991704ef59fe8bc04fcc31a4f4c88"
url = "https://github.com/tombi-toml/tombi/releases/download/v1.5.4/tombi-cli-1.5.4-aarch64-apple-darwin.tar.gz"
url_api = "https://api.github.com/repos/tombi-toml/tombi/releases/assets/552962824"
provenance = "github-attestations"

[tools.tombi."platforms.macos-x64"]
checksum = "sha256:a4a79dca35dcaa9bc535eef05ebd164829023977f97ba4e3b88f63468d9d6762"
url = "https://github.com/tombi-toml/tombi/releases/download/v1.5.4/tombi-cli-1.5.4-x86_64-apple-darwin.tar.gz"
url_api = "https://api.github.com/repos/tombi-toml/tombi/releases/assets/552962825"
provenance = "github-attestations"
